Microsoft Visual Studio Solution File, Format Version 7.00
Project("{F184B08F-C81C-45F6-A57F-5ABD9991F28F}") = "Timer Control - Processbar", "Timer Control - Processbar.vbproj", "{03ED8AF1-FAE2-451D-A0FE-FC34FB5BC1EE}"
EndProject
Global
	GlobalSection(SolutionConfiguration) = preSolution
		ConfigName.0 = Debug
		ConfigName.1 = Release
	EndGlobalSection
	GlobalSection(ProjectDependencies) = postSolution
	EndGlobalSection
	GlobalSection(ProjectConfiguration) = postSolution
		{03ED8AF1-FAE2-451D-A0FE-FC34FB5BC1EE}.Debug.ActiveCfg = Debug|.NET
		{03ED8AF1-FAE2-451D-A0FE-FC34FB5BC1EE}.Debug.Build.0 = Debug|.NET
		{03ED8AF1-FAE2-451D-A0FE-FC34FB5BC1EE}.Release.ActiveCfg = Release|.NET
		{03ED8AF1-FAE2-451D-A0FE-FC34FB5BC1EE}.Release.Build.0 = Release|.NET
	EndGlobalSection
	GlobalSection(ExtensibilityGlobals) = postSolution
	EndGlobalSection
	GlobalSection(ExtensibilityAddIns) = postSolution
	EndGlobalSection
EndGlobal
