Microsoft Visual Studio Solution File, Format Version 7.00
Project("{F184B08F-C81C-45F6-A57F-5ABD9991F28F}") = "ImageClipboard", "ImageClipboard.vbproj", "{FD3C1B7F-1E14-4635-BD7C-2BD8C3460518}"
EndProject
Global
	GlobalSection(SolutionConfiguration) = preSolution
		ConfigName.0 = Debug
		ConfigName.1 = Release
	EndGlobalSection
	GlobalSection(ProjectDependencies) = postSolution
	EndGlobalSection
	GlobalSection(ProjectConfiguration) = postSolution
		{FD3C1B7F-1E14-4635-BD7C-2BD8C3460518}.Debug.ActiveCfg = Debug|.NET
		{FD3C1B7F-1E14-4635-BD7C-2BD8C3460518}.Debug.Build.0 = Debug|.NET
		{FD3C1B7F-1E14-4635-BD7C-2BD8C3460518}.Release.ActiveCfg = Release|.NET
		{FD3C1B7F-1E14-4635-BD7C-2BD8C3460518}.Release.Build.0 = Release|.NET
	EndGlobalSection
	GlobalSection(ExtensibilityGlobals) = postSolution
	EndGlobalSection
	GlobalSection(ExtensibilityAddIns) = postSolution
	EndGlobalSection
EndGlobal
