Microsoft Visual Studio Solution File, Format Version 7.00
Project("{F184B08F-C81C-45F6-A57F-5ABD9991F28F}") = "Event Example", "Event Example.vbproj", "{7F9175EC-829D-4A21-BC8F-91716561CA5E}"
EndProject
Global
	GlobalSection(SolutionConfiguration) = preSolution
		ConfigName.0 = Debug
		ConfigName.1 = Release
	EndGlobalSection
	GlobalSection(ProjectDependencies) = postSolution
	EndGlobalSection
	GlobalSection(ProjectConfiguration) = postSolution
		{7F9175EC-829D-4A21-BC8F-91716561CA5E}.Debug.ActiveCfg = Debug|.NET
		{7F9175EC-829D-4A21-BC8F-91716561CA5E}.Debug.Build.0 = Debug|.NET
		{7F9175EC-829D-4A21-BC8F-91716561CA5E}.Release.ActiveCfg = Release|.NET
		{7F9175EC-829D-4A21-BC8F-91716561CA5E}.Release.Build.0 = Release|.NET
	EndGlobalSection
	GlobalSection(ExtensibilityGlobals) = postSolution
	EndGlobalSection
	GlobalSection(ExtensibilityAddIns) = postSolution
	EndGlobalSection
EndGlobal
