Microsoft Visual Studio Solution File, Format Version 7.00
Project("{F184B08F-C81C-45F6-A57F-5ABD9991F28F}") = "Timer Example", "Timer Example.vbproj", "{674BE751-3DA0-430E-9980-8C3B13D815CC}"
EndProject
Global
	GlobalSection(SolutionConfiguration) = preSolution
		ConfigName.0 = Debug
		ConfigName.1 = Release
	EndGlobalSection
	GlobalSection(ProjectDependencies) = postSolution
	EndGlobalSection
	GlobalSection(ProjectConfiguration) = postSolution
		{674BE751-3DA0-430E-9980-8C3B13D815CC}.Debug.ActiveCfg = Debug|.NET
		{674BE751-3DA0-430E-9980-8C3B13D815CC}.Debug.Build.0 = Debug|.NET
		{674BE751-3DA0-430E-9980-8C3B13D815CC}.Release.ActiveCfg = Release|.NET
		{674BE751-3DA0-430E-9980-8C3B13D815CC}.Release.Build.0 = Release|.NET
	EndGlobalSection
	GlobalSection(ExtensibilityGlobals) = postSolution
	EndGlobalSection
	GlobalSection(ExtensibilityAddIns) = postSolution
	EndGlobalSection
EndGlobal
