Microsoft Visual Studio Solution File, Format Version 7.00
Project("{F184B08F-C81C-45F6-A57F-5ABD9991F28F}") = "Database Project", "Database Project.vbproj", "{39BBB2CE-AD5D-4589-82E7-7F65E71AB6E0}"
EndProject
Global
	GlobalSection(SolutionConfiguration) = preSolution
		ConfigName.0 = Debug
		ConfigName.1 = Release
	EndGlobalSection
	GlobalSection(ProjectDependencies) = postSolution
	EndGlobalSection
	GlobalSection(ProjectConfiguration) = postSolution
		{39BBB2CE-AD5D-4589-82E7-7F65E71AB6E0}.Debug.ActiveCfg = Debug|.NET
		{39BBB2CE-AD5D-4589-82E7-7F65E71AB6E0}.Debug.Build.0 = Debug|.NET
		{39BBB2CE-AD5D-4589-82E7-7F65E71AB6E0}.Release.ActiveCfg = Release|.NET
		{39BBB2CE-AD5D-4589-82E7-7F65E71AB6E0}.Release.Build.0 = Release|.NET
	EndGlobalSection
	GlobalSection(ExtensibilityGlobals) = postSolution
	EndGlobalSection
	GlobalSection(ExtensibilityAddIns) = postSolution
	EndGlobalSection
EndGlobal
