Microsoft Visual Studio Solution File, Format Version 7.00
Project("{F184B08F-C81C-45F6-A57F-5ABD9991F28F}") = "My Menu project", "My Menu project.vbproj", "{20DA9B07-2D20-46BC-B67F-AADD38FBDAAE}"
EndProject
Global
	GlobalSection(SolutionConfiguration) = preSolution
		ConfigName.0 = Debug
		ConfigName.1 = Release
	EndGlobalSection
	GlobalSection(ProjectDependencies) = postSolution
	EndGlobalSection
	GlobalSection(ProjectConfiguration) = postSolution
		{20DA9B07-2D20-46BC-B67F-AADD38FBDAAE}.Debug.ActiveCfg = Debug|.NET
		{20DA9B07-2D20-46BC-B67F-AADD38FBDAAE}.Debug.Build.0 = Debug|.NET
		{20DA9B07-2D20-46BC-B67F-AADD38FBDAAE}.Release.ActiveCfg = Release|.NET
		{20DA9B07-2D20-46BC-B67F-AADD38FBDAAE}.Release.Build.0 = Release|.NET
	EndGlobalSection
	GlobalSection(ExtensibilityGlobals) = postSolution
	EndGlobalSection
	GlobalSection(ExtensibilityAddIns) = postSolution
	EndGlobalSection
EndGlobal
