
Microsoft Visual Studio Solution File, Format Version 12.00
# Visual Studio 2012
Project("{F184B08F-C81C-45F6-A57F-5ABD9991F28F}") = "Secret", "Secret\Secret.vbproj", "{A3F6CF0C-676B-4197-B402-41C3078373A7}"
EndProject
Project("{F184B08F-C81C-45F6-A57F-5ABD9991F28F}") = "Neutrino Account Info Updater", "Neutrino Account Info Updater\Neutrino Account Info Updater.vbproj", "{7E577C2B-4F99-4370-A314-3092850D0364}"
EndProject
Global
	GlobalSection(SolutionConfigurationPlatforms) = preSolution
		Debug|Any CPU = Debug|Any CPU
		Release|Any CPU = Release|Any CPU
	EndGlobalSection
	GlobalSection(ProjectConfigurationPlatforms) = postSolution
		{A3F6CF0C-676B-4197-B402-41C3078373A7}.Debug|Any CPU.ActiveCfg = Debug|Any CPU
		{A3F6CF0C-676B-4197-B402-41C3078373A7}.Debug|Any CPU.Build.0 = Debug|Any CPU
		{A3F6CF0C-676B-4197-B402-41C3078373A7}.Release|Any CPU.ActiveCfg = Release|Any CPU
		{A3F6CF0C-676B-4197-B402-41C3078373A7}.Release|Any CPU.Build.0 = Release|Any CPU
		{7E577C2B-4F99-4370-A314-3092850D0364}.Debug|Any CPU.ActiveCfg = Debug|Any CPU
		{7E577C2B-4F99-4370-A314-3092850D0364}.Debug|Any CPU.Build.0 = Debug|Any CPU
		{7E577C2B-4F99-4370-A314-3092850D0364}.Release|Any CPU.ActiveCfg = Release|Any CPU
		{7E577C2B-4F99-4370-A314-3092850D0364}.Release|Any CPU.Build.0 = Release|Any CPU
	EndGlobalSection
	GlobalSection(SolutionProperties) = preSolution
		HideSolutionNode = FALSE
	EndGlobalSection
EndGlobal
