Microsoft Visual Studio Solution File, Format Version 7.00
Project("{F184B08F-C81C-45F6-A57F-5ABD9991F28F}") = "Lost Focus Example", "Lost Focus Example.vbproj", "{8EBD8E6D-9520-4732-9ACF-98130DF460D3}"
EndProject
Global
	GlobalSection(SolutionConfiguration) = preSolution
		ConfigName.0 = Debug
		ConfigName.1 = Release
	EndGlobalSection
	GlobalSection(ProjectDependencies) = postSolution
	EndGlobalSection
	GlobalSection(ProjectConfiguration) = postSolution
		{8EBD8E6D-9520-4732-9ACF-98130DF460D3}.Debug.ActiveCfg = Debug|.NET
		{8EBD8E6D-9520-4732-9ACF-98130DF460D3}.Debug.Build.0 = Debug|.NET
		{8EBD8E6D-9520-4732-9ACF-98130DF460D3}.Release.ActiveCfg = Release|.NET
		{8EBD8E6D-9520-4732-9ACF-98130DF460D3}.Release.Build.0 = Release|.NET
	EndGlobalSection
	GlobalSection(ExtensibilityGlobals) = postSolution
	EndGlobalSection
	GlobalSection(ExtensibilityAddIns) = postSolution
	EndGlobalSection
EndGlobal
