Microsoft Visual Studio Solution File, Format Version 7.00
Project("{F184B08F-C81C-45F6-A57F-5ABD9991F28F}") = "Radio Button - Example", "Radio Button - Example.vbproj", "{2FA222C9-F77A-4B3C-9950-8796B583C4D4}"
EndProject
Global
	GlobalSection(SolutionConfiguration) = preSolution
		ConfigName.0 = Debug
		ConfigName.1 = Release
	EndGlobalSection
	GlobalSection(ProjectDependencies) = postSolution
	EndGlobalSection
	GlobalSection(ProjectConfiguration) = postSolution
		{2FA222C9-F77A-4B3C-9950-8796B583C4D4}.Debug.ActiveCfg = Debug|.NET
		{2FA222C9-F77A-4B3C-9950-8796B583C4D4}.Debug.Build.0 = Debug|.NET
		{2FA222C9-F77A-4B3C-9950-8796B583C4D4}.Release.ActiveCfg = Release|.NET
		{2FA222C9-F77A-4B3C-9950-8796B583C4D4}.Release.Build.0 = Release|.NET
	EndGlobalSection
	GlobalSection(ExtensibilityGlobals) = postSolution
	EndGlobalSection
	GlobalSection(ExtensibilityAddIns) = postSolution
	EndGlobalSection
EndGlobal
