Microsoft Visual Studio Solution File, Format Version 7.00
Project("{F184B08F-C81C-45F6-A57F-5ABD9991F28F}") = "Combo Box Priject", "Combo Box Priject.vbproj", "{CEBC3002-CC31-4387-80D2-0C62D329403B}"
EndProject
Global
	GlobalSection(SolutionConfiguration) = preSolution
		ConfigName.0 = Debug
		ConfigName.1 = Release
	EndGlobalSection
	GlobalSection(ProjectDependencies) = postSolution
	EndGlobalSection
	GlobalSection(ProjectConfiguration) = postSolution
		{CEBC3002-CC31-4387-80D2-0C62D329403B}.Debug.ActiveCfg = Debug|.NET
		{CEBC3002-CC31-4387-80D2-0C62D329403B}.Debug.Build.0 = Debug|.NET
		{CEBC3002-CC31-4387-80D2-0C62D329403B}.Release.ActiveCfg = Release|.NET
		{CEBC3002-CC31-4387-80D2-0C62D329403B}.Release.Build.0 = Release|.NET
	EndGlobalSection
	GlobalSection(ExtensibilityGlobals) = postSolution
	EndGlobalSection
	GlobalSection(ExtensibilityAddIns) = postSolution
	EndGlobalSection
EndGlobal
