Microsoft Visual Studio Solution File, Format Version 7.00
Project("{F184B08F-C81C-45F6-A57F-5ABD9991F28F}") = "KeyBoard Example", "KeyBoard Example.vbproj", "{51266F5B-45AD-4CBD-A4EA-2F3A4FBD367D}"
EndProject
Global
	GlobalSection(SolutionConfiguration) = preSolution
		ConfigName.0 = Debug
		ConfigName.1 = Release
	EndGlobalSection
	GlobalSection(ProjectDependencies) = postSolution
	EndGlobalSection
	GlobalSection(ProjectConfiguration) = postSolution
		{51266F5B-45AD-4CBD-A4EA-2F3A4FBD367D}.Debug.ActiveCfg = Debug|.NET
		{51266F5B-45AD-4CBD-A4EA-2F3A4FBD367D}.Debug.Build.0 = Debug|.NET
		{51266F5B-45AD-4CBD-A4EA-2F3A4FBD367D}.Release.ActiveCfg = Release|.NET
		{51266F5B-45AD-4CBD-A4EA-2F3A4FBD367D}.Release.Build.0 = Release|.NET
	EndGlobalSection
	GlobalSection(ExtensibilityGlobals) = postSolution
	EndGlobalSection
	GlobalSection(ExtensibilityAddIns) = postSolution
	EndGlobalSection
EndGlobal
