
Microsoft Visual Studio Solution File, Format Version 12.00
# Visual Studio 2012
Project("{F184B08F-C81C-45F6-A57F-5ABD9991F28F}") = "Daily Exchange", "Daily Exchange\Daily Exchange.vbproj", "{822CE937-BE04-49AF-B928-6F38E9D6EFCC}"
EndProject
Global
	GlobalSection(SolutionConfigurationPlatforms) = preSolution
		Debug|Any CPU = Debug|Any CPU
		Release|Any CPU = Release|Any CPU
	EndGlobalSection
	GlobalSection(ProjectConfigurationPlatforms) = postSolution
		{822CE937-BE04-49AF-B928-6F38E9D6EFCC}.Debug|Any CPU.ActiveCfg = Debug|Any CPU
		{822CE937-BE04-49AF-B928-6F38E9D6EFCC}.Debug|Any CPU.Build.0 = Debug|Any CPU
		{822CE937-BE04-49AF-B928-6F38E9D6EFCC}.Release|Any CPU.ActiveCfg = Release|Any CPU
		{822CE937-BE04-49AF-B928-6F38E9D6EFCC}.Release|Any CPU.Build.0 = Release|Any CPU
	EndGlobalSection
	GlobalSection(SolutionProperties) = preSolution
		HideSolutionNode = FALSE
	EndGlobalSection
EndGlobal
