Microsoft Visual Studio Solution File, Format Version 7.00
Project("{F184B08F-C81C-45F6-A57F-5ABD9991F28F}") = "Common Dialog Box Project", "Common Dialog Box Project.vbproj", "{627C690B-9E6D-4361-B773-22FF03472BB4}"
EndProject
Global
	GlobalSection(SolutionConfiguration) = preSolution
		ConfigName.0 = Debug
		ConfigName.1 = Release
	EndGlobalSection
	GlobalSection(ProjectDependencies) = postSolution
	EndGlobalSection
	GlobalSection(ProjectConfiguration) = postSolution
		{627C690B-9E6D-4361-B773-22FF03472BB4}.Debug.ActiveCfg = Debug|.NET
		{627C690B-9E6D-4361-B773-22FF03472BB4}.Debug.Build.0 = Debug|.NET
		{627C690B-9E6D-4361-B773-22FF03472BB4}.Release.ActiveCfg = Release|.NET
		{627C690B-9E6D-4361-B773-22FF03472BB4}.Release.Build.0 = Release|.NET
	EndGlobalSection
	GlobalSection(ExtensibilityGlobals) = postSolution
	EndGlobalSection
	GlobalSection(ExtensibilityAddIns) = postSolution
	EndGlobalSection
EndGlobal
